<?xml version="1.0" encoding="utf-8"?>
<Project ToolsVersion="4.0" xmlns="http://schemas.microsoft.com/developer/msbuild/2003">
  <ItemGroup>
    <Filter Include="Source Files">
      <UniqueIdentifier>{4FC737F1-C7A5-4376-A066-2A32D752A2FF}</UniqueIdentifier>
      <Extensions>cpp;c;cc;cxx;c++;def;odl;idl;hpj;bat;asm;asmx</Extensions>
    </Filter>
    <Filter Include="Resource Files">
      <UniqueIdentifier>{67DA6AB6-F800-4c08-8B7A-83BB121AAD01}</UniqueIdentifier>
      <Extensions>rc;ico;cur;bmp;dlg;rc2;rct;bin;rgs;gif;jpg;jpeg;jpe;resx;tiff;tif;png;wav;mfcribbon-ms</Extensions>
    </Filter>
    <Filter Include="Source Files\Platform">
      <UniqueIdentifier>{1d9ae404-9806-40ff-9b58-a401a2696742}</UniqueIdentifier>
    </Filter>
    <Filter Include="Source Files\Core">
      <UniqueIdentifier>{f2b7313e-0272-4584-b868-85cf41f2b34c}</UniqueIdentifier>
    </Filter>
    <Filter Include="Source Files\Core\Main">
      <UniqueIdentifier>{ad8ea1b4-64c9-44d9-a5b3-6de49a9b68f6}</UniqueIdentifier>
    </Filter>
    <Filter Include="Source Files\Core\Main\Windows">
      <UniqueIdentifier>{3f3c276e-29c4-47aa-91b5-a0a4ec31fe24}</UniqueIdentifier>
    </Filter>
    <Filter Include="Source Files\Core\Window">
      <UniqueIdentifier>{4c75c475-998a-4d87-ade5-e8df7248c258}</UniqueIdentifier>
    </Filter>
  </ItemGroup>
  <ItemGroup>
    <ClCompile Include="Source\Precompiled.cpp">
      <Filter>Source Files</Filter>
    </ClCompile>
    <ClCompile Include="Source\Core\Main\Windows\WindowsMain.cpp">
      <Filter>Source Files\Core\Main</Filter>
    </ClCompile>
    <ClCompile Include="Source\Core\Main\Main.cpp">
      <Filter>Source Files\Core\Main</Filter>
    </ClCompile>
    <ClCompile Include="Source\Core\Window\Windows\WindowsWindow.cpp">
      <Filter>Source Files\Core\Window</Filter>
    </ClCompile>
  </ItemGroup>
  <ItemGroup>
    <ClInclude Include="Source\Precompiled.h">
      <Filter>Source Files</Filter>
    </ClInclude>
    <ClInclude Include="Source\Platform\Platform.h">
      <Filter>Source Files\Platform</Filter>
    </ClInclude>
    <ClInclude Include="Source\Platform\PlatformWindows.h">
      <Filter>Source Files\Platform</Filter>
    </ClInclude>
    <ClInclude Include="Source\Core\Window\Windows\WindowsWindow.h">
      <Filter>Source Files\Core\Window</Filter>
    </ClInclude>
    <ClInclude Include="Source\Platform\TypeDefs.h">
      <Filter>Source Files\Platform</Filter>
    </ClInclude>
    <ClInclude Include="Source\Platform\Assertions.h">
      <Filter>Source Files\Platform</Filter>
    </ClInclude>
  </ItemGroup>
</Project>